
Microsoft Visual Studio Solution File, Format Version 12.00
# Visual Studio 15
VisualStudioVersion = 15.0.28307.329
MinimumVisualStudioVersion = 10.0.40219.1
Project("{FAE04EC0-301F-11D3-BF4B-00C04F79EFBC}") = "COMP123-S2019-Lesson8A", "COMP123-S2019-Lesson8A\COMP123-S2019-Lesson8A.csproj", "{0928A383-5489-4D8D-90CD-9AF859BECB66}"
EndProject
Global
	GlobalSection(SolutionConfigurationPlatforms) = preSolution
		Debug|Any CPU = Debug|Any CPU
		Release|Any CPU = Release|Any CPU
	EndGlobalSection
	GlobalSection(ProjectConfigurationPlatforms) = postSolution
		{0928A383-5489-4D8D-90CD-9AF859BECB66}.Debug|Any CPU.ActiveCfg = Debug|Any CPU
		{0928A383-5489-4D8D-90CD-9AF859BECB66}.Debug|Any CPU.Build.0 = Debug|Any CPU
		{0928A383-5489-4D8D-90CD-9AF859BECB66}.Release|Any CPU.ActiveCfg = Release|Any CPU
		{0928A383-5489-4D8D-90CD-9AF859BECB66}.Release|Any CPU.Build.0 = Release|Any CPU
	EndGlobalSection
	GlobalSection(SolutionProperties) = preSolution
		HideSolutionNode = FALSE
	EndGlobalSection
	GlobalSection(ExtensibilityGlobals) = postSolution
		SolutionGuid = {2055626D-3F23-4DE2-B11B-67F48FFBD6DE}
	EndGlobalSection
EndGlobal
